
Microsoft Visual Studio Solution File, Format Version 12.00
# Visual Studio 15
VisualStudioVersion = 15.0.28307.106
MinimumVisualStudioVersion = 10.0.40219.1
Project("{9A19103F-16F7-4668-BE54-9A1E7A4F7556}") = "SecretSanta", "SecretSanta\SecretSanta.csproj", "{FABDCA63-53E9-4D85-8E59-4D80D990C9DF}"
EndProject
Project("{FAE04EC0-301F-11D3-BF4B-00C04F79EFBC}") = "SecretSanta.AWS", "SecretSanta.AWS\SecretSanta.AWS.csproj", "{A553544D-051C-4CF3-BF04-08CC95E9F417}"
EndProject
Global
	GlobalSection(SolutionConfigurationPlatforms) = preSolution
		Debug|Any CPU = Debug|Any CPU
		Release|Any CPU = Release|Any CPU
	EndGlobalSection
	GlobalSection(ProjectConfigurationPlatforms) = postSolution
		{FABDCA63-53E9-4D85-8E59-4D80D990C9DF}.Debug|Any CPU.ActiveCfg = Debug|Any CPU
		{FABDCA63-53E9-4D85-8E59-4D80D990C9DF}.Debug|Any CPU.Build.0 = Debug|Any CPU
		{FABDCA63-53E9-4D85-8E59-4D80D990C9DF}.Release|Any CPU.ActiveCfg = Release|Any CPU
		{FABDCA63-53E9-4D85-8E59-4D80D990C9DF}.Release|Any CPU.Build.0 = Release|Any CPU
		{A553544D-051C-4CF3-BF04-08CC95E9F417}.Debug|Any CPU.ActiveCfg = Debug|Any CPU
		{A553544D-051C-4CF3-BF04-08CC95E9F417}.Debug|Any CPU.Build.0 = Debug|Any CPU
		{A553544D-051C-4CF3-BF04-08CC95E9F417}.Release|Any CPU.ActiveCfg = Release|Any CPU
		{A553544D-051C-4CF3-BF04-08CC95E9F417}.Release|Any CPU.Build.0 = Release|Any CPU
	EndGlobalSection
	GlobalSection(SolutionProperties) = preSolution
		HideSolutionNode = FALSE
	EndGlobalSection
	GlobalSection(ExtensibilityGlobals) = postSolution
		SolutionGuid = {1A5E8281-78A3-433B-B005-5971F431F234}
	EndGlobalSection
EndGlobal
